
Microsoft Visual Studio Solution File, Format Version 12.00
Project("{FAE04EC0-301F-11D3-BF4B-00C04F79EFBC}") = "Thermocron", "Thermocron\Thermocron.csproj", "{09D73870-6881-4027-9C10-0546F8A4A52D}"
EndProject
Global
	GlobalSection(SolutionConfigurationPlatforms) = preSolution
		Debug|Any CPU = Debug|Any CPU
		Release|Any CPU = Release|Any CPU
	EndGlobalSection
	GlobalSection(ProjectConfigurationPlatforms) = postSolution
		{09D73870-6881-4027-9C10-0546F8A4A52D}.Debug|Any CPU.ActiveCfg = Debug|Any CPU
		{09D73870-6881-4027-9C10-0546F8A4A52D}.Debug|Any CPU.Build.0 = Debug|Any CPU
		{09D73870-6881-4027-9C10-0546F8A4A52D}.Release|Any CPU.ActiveCfg = Release|Any CPU
		{09D73870-6881-4027-9C10-0546F8A4A52D}.Release|Any CPU.Build.0 = Release|Any CPU
	EndGlobalSection
EndGlobal
